
Microsoft Visual Studio Solution File, Format Version 12.00
# Visual Studio 15
VisualStudioVersion = 15.0.27703.2035
MinimumVisualStudioVersion = 10.0.40219.1
Project("{FAE04EC0-301F-11D3-BF4B-00C04F79EFBC}") = "CustomList", "CustomList\CustomList.csproj", "{A3ABE764-8FBA-4B4B-8963-D0F6EEF44962}"
EndProject
Project("{FAE04EC0-301F-11D3-BF4B-00C04F79EFBC}") = "CustomListTests", "UnitTestProject1\CustomListTests.csproj", "{69B9DFD4-FA21-4900-B987-B84F7A7F53CE}"
EndProject
Global
	GlobalSection(SolutionConfigurationPlatforms) = preSolution
		Debug|Any CPU = Debug|Any CPU
		Release|Any CPU = Release|Any CPU
	EndGlobalSection
	GlobalSection(ProjectConfigurationPlatforms) = postSolution
		{A3ABE764-8FBA-4B4B-8963-D0F6EEF44962}.Debug|Any CPU.ActiveCfg = Debug|Any CPU
		{A3ABE764-8FBA-4B4B-8963-D0F6EEF44962}.Debug|Any CPU.Build.0 = Debug|Any CPU
		{A3ABE764-8FBA-4B4B-8963-D0F6EEF44962}.Release|Any CPU.ActiveCfg = Release|Any CPU
		{A3ABE764-8FBA-4B4B-8963-D0F6EEF44962}.Release|Any CPU.Build.0 = Release|Any CPU
		{69B9DFD4-FA21-4900-B987-B84F7A7F53CE}.Debug|Any CPU.ActiveCfg = Debug|Any CPU
		{69B9DFD4-FA21-4900-B987-B84F7A7F53CE}.Debug|Any CPU.Build.0 = Debug|Any CPU
		{69B9DFD4-FA21-4900-B987-B84F7A7F53CE}.Release|Any CPU.ActiveCfg = Release|Any CPU
		{69B9DFD4-FA21-4900-B987-B84F7A7F53CE}.Release|Any CPU.Build.0 = Release|Any CPU
	EndGlobalSection
	GlobalSection(SolutionProperties) = preSolution
		HideSolutionNode = FALSE
	EndGlobalSection
	GlobalSection(ExtensibilityGlobals) = postSolution
		SolutionGuid = {73E526AC-CA06-4153-8343-344C9E99A332}
	EndGlobalSection
EndGlobal
